
Microsoft Visual Studio Solution File, Format Version 12.00
# Visual Studio Version 17
VisualStudioVersion = 17.7.33711.374
MinimumVisualStudioVersion = 10.0.40219.1
Project("{9A19103F-16F7-4668-BE54-9A1E7A4F7556}") = "Phys.Lib.Data", "Phys.Lib.Data\Phys.Lib.Data.csproj", "{BFAA9965-84CE-45A7-A24D-D38D4AAD0AD0}"
EndProject
Project("{2150E333-8FDC-42A3-9474-1A3956D46DE8}") = "Library", "Library", "{36DA6B64-5719-46FE-99A5-6B38F464D8BB}"
EndProject
Project("{9A19103F-16F7-4668-BE54-9A1E7A4F7556}") = "Phys.Lib.Core", "Phys.Lib.Core\Phys.Lib.Core.csproj", "{BA3EEC26-D90E-45DD-BEEB-7F44D0202444}"
EndProject
Project("{9A19103F-16F7-4668-BE54-9A1E7A4F7556}") = "Phys.Lib.Cli", "Phys.Lib.Cli\Phys.Lib.Cli.csproj", "{BE91FB56-F9F0-4F56-A9DD-B30907BF771C}"
EndProject
Project("{2150E333-8FDC-42A3-9474-1A3956D46DE8}") = "Shared", "Shared", "{C3DE8CAF-EEC0-4CAD-8C9B-9BFBE2767B49}"
EndProject
Project("{9A19103F-16F7-4668-BE54-9A1E7A4F7556}") = "Phys.Lib.Api.Admin", "Phys.Lib.Api.Admin\Phys.Lib.Api.Admin.csproj", "{A71533D2-3809-4B8D-BD54-37A0AA494613}"
EndProject
Project("{2150E333-8FDC-42A3-9474-1A3956D46DE8}") = "Tests", "Tests", "{3A760A5A-61B5-40DF-82EB-05177A752C50}"
EndProject
Project("{9A19103F-16F7-4668-BE54-9A1E7A4F7556}") = "Phys.Lib.Tests.Unit", "Phys.Lib.Tests.Unit\Phys.Lib.Tests.Unit.csproj", "{C6E433C8-6DC8-47A0-A4E7-677F493CE51D}"
EndProject
Project("{9A19103F-16F7-4668-BE54-9A1E7A4F7556}") = "Phys.Lib.Tests.Api", "Phys.Lib.Tests.Api\Phys.Lib.Tests.Api.csproj", "{EEDA4AE7-264D-47E2-A78E-ED12602B7BBF}"
EndProject
Project("{2150E333-8FDC-42A3-9474-1A3956D46DE8}") = "Tools", "Tools", "{0A2144C5-59AC-4850-BCAB-961D1293FD53}"
EndProject
Project("{9A19103F-16F7-4668-BE54-9A1E7A4F7556}") = "Phys.Tools.ClientGen", "Phys.Tools.ClientGen\Phys.Tools.ClientGen.csproj", "{38833F27-209E-4D2C-97C9-2BF61A6D56A7}"
EndProject
Project("{2150E333-8FDC-42A3-9474-1A3956D46DE8}") = "Clients", "Clients", "{6505BD1D-9B75-4A0D-976E-E4A386E3EB5E}"
EndProject
Project("{2150E333-8FDC-42A3-9474-1A3956D46DE8}") = "CSharp", "CSharp", "{0E0E79C9-E73A-4819-97FA-3714DA5B3AD0}"
	ProjectSection(SolutionItems) = preProject
		Clients\CSharp\AdminApiClient.cs = Clients\CSharp\AdminApiClient.cs
	EndProjectSection
EndProject
Project("{2150E333-8FDC-42A3-9474-1A3956D46DE8}") = "Docker", "Docker", "{5990FEE0-58EF-40A0-81ED-00E735F0CFF8}"
	ProjectSection(SolutionItems) = preProject
		..\..\docker\.dockerignore = ..\..\docker\.dockerignore
		..\..\docker\docker-compose.yml = ..\..\docker\docker-compose.yml
		..\..\docker\phys-lib-api-admin.cmd = ..\..\docker\phys-lib-api-admin.cmd
		..\..\docker\phys-lib-api-admin.dockerfile = ..\..\docker\phys-lib-api-admin.dockerfile
	EndProjectSection
EndProject
Project("{2150E333-8FDC-42A3-9474-1A3956D46DE8}") = "Solution Items", "Solution Items", "{7D815EB3-34A2-493B-ABD6-B48DF9D5D25C}"
	ProjectSection(SolutionItems) = preProject
		.editorconfig = .editorconfig
	EndProjectSection
EndProject
Global
	GlobalSection(SolutionConfigurationPlatforms) = preSolution
		Debug|Any CPU = Debug|Any CPU
		Release|Any CPU = Release|Any CPU
	EndGlobalSection
	GlobalSection(ProjectConfigurationPlatforms) = postSolution
		{BFAA9965-84CE-45A7-A24D-D38D4AAD0AD0}.Debug|Any CPU.ActiveCfg = Debug|Any CPU
		{BFAA9965-84CE-45A7-A24D-D38D4AAD0AD0}.Debug|Any CPU.Build.0 = Debug|Any CPU
		{BFAA9965-84CE-45A7-A24D-D38D4AAD0AD0}.Release|Any CPU.ActiveCfg = Release|Any CPU
		{BFAA9965-84CE-45A7-A24D-D38D4AAD0AD0}.Release|Any CPU.Build.0 = Release|Any CPU
		{BA3EEC26-D90E-45DD-BEEB-7F44D0202444}.Debug|Any CPU.ActiveCfg = Debug|Any CPU
		{BA3EEC26-D90E-45DD-BEEB-7F44D0202444}.Debug|Any CPU.Build.0 = Debug|Any CPU
		{BA3EEC26-D90E-45DD-BEEB-7F44D0202444}.Release|Any CPU.ActiveCfg = Release|Any CPU
		{BA3EEC26-D90E-45DD-BEEB-7F44D0202444}.Release|Any CPU.Build.0 = Release|Any CPU
		{BE91FB56-F9F0-4F56-A9DD-B30907BF771C}.Debug|Any CPU.ActiveCfg = Debug|Any CPU
		{BE91FB56-F9F0-4F56-A9DD-B30907BF771C}.Debug|Any CPU.Build.0 = Debug|Any CPU
		{BE91FB56-F9F0-4F56-A9DD-B30907BF771C}.Release|Any CPU.ActiveCfg = Release|Any CPU
		{BE91FB56-F9F0-4F56-A9DD-B30907BF771C}.Release|Any CPU.Build.0 = Release|Any CPU
		{A71533D2-3809-4B8D-BD54-37A0AA494613}.Debug|Any CPU.ActiveCfg = Debug|Any CPU
		{A71533D2-3809-4B8D-BD54-37A0AA494613}.Debug|Any CPU.Build.0 = Debug|Any CPU
		{A71533D2-3809-4B8D-BD54-37A0AA494613}.Release|Any CPU.ActiveCfg = Release|Any CPU
		{A71533D2-3809-4B8D-BD54-37A0AA494613}.Release|Any CPU.Build.0 = Release|Any CPU
		{C6E433C8-6DC8-47A0-A4E7-677F493CE51D}.Debug|Any CPU.ActiveCfg = Debug|Any CPU
		{C6E433C8-6DC8-47A0-A4E7-677F493CE51D}.Debug|Any CPU.Build.0 = Debug|Any CPU
		{C6E433C8-6DC8-47A0-A4E7-677F493CE51D}.Release|Any CPU.ActiveCfg = Release|Any CPU
		{C6E433C8-6DC8-47A0-A4E7-677F493CE51D}.Release|Any CPU.Build.0 = Release|Any CPU
		{EEDA4AE7-264D-47E2-A78E-ED12602B7BBF}.Debug|Any CPU.ActiveCfg = Debug|Any CPU
		{EEDA4AE7-264D-47E2-A78E-ED12602B7BBF}.Debug|Any CPU.Build.0 = Debug|Any CPU
		{EEDA4AE7-264D-47E2-A78E-ED12602B7BBF}.Release|Any CPU.ActiveCfg = Release|Any CPU
		{EEDA4AE7-264D-47E2-A78E-ED12602B7BBF}.Release|Any CPU.Build.0 = Release|Any CPU
		{38833F27-209E-4D2C-97C9-2BF61A6D56A7}.Debug|Any CPU.ActiveCfg = Debug|Any CPU
		{38833F27-209E-4D2C-97C9-2BF61A6D56A7}.Debug|Any CPU.Build.0 = Debug|Any CPU
		{38833F27-209E-4D2C-97C9-2BF61A6D56A7}.Release|Any CPU.ActiveCfg = Release|Any CPU
		{38833F27-209E-4D2C-97C9-2BF61A6D56A7}.Release|Any CPU.Build.0 = Release|Any CPU
	EndGlobalSection
	GlobalSection(SolutionProperties) = preSolution
		HideSolutionNode = FALSE
	EndGlobalSection
	GlobalSection(NestedProjects) = preSolution
		{BFAA9965-84CE-45A7-A24D-D38D4AAD0AD0} = {36DA6B64-5719-46FE-99A5-6B38F464D8BB}
		{BA3EEC26-D90E-45DD-BEEB-7F44D0202444} = {36DA6B64-5719-46FE-99A5-6B38F464D8BB}
		{BE91FB56-F9F0-4F56-A9DD-B30907BF771C} = {36DA6B64-5719-46FE-99A5-6B38F464D8BB}
		{A71533D2-3809-4B8D-BD54-37A0AA494613} = {36DA6B64-5719-46FE-99A5-6B38F464D8BB}
		{3A760A5A-61B5-40DF-82EB-05177A752C50} = {36DA6B64-5719-46FE-99A5-6B38F464D8BB}
		{C6E433C8-6DC8-47A0-A4E7-677F493CE51D} = {3A760A5A-61B5-40DF-82EB-05177A752C50}
		{EEDA4AE7-264D-47E2-A78E-ED12602B7BBF} = {3A760A5A-61B5-40DF-82EB-05177A752C50}
		{38833F27-209E-4D2C-97C9-2BF61A6D56A7} = {0A2144C5-59AC-4850-BCAB-961D1293FD53}
		{6505BD1D-9B75-4A0D-976E-E4A386E3EB5E} = {C3DE8CAF-EEC0-4CAD-8C9B-9BFBE2767B49}
		{0E0E79C9-E73A-4819-97FA-3714DA5B3AD0} = {6505BD1D-9B75-4A0D-976E-E4A386E3EB5E}
	EndGlobalSection
	GlobalSection(ExtensibilityGlobals) = postSolution
		SolutionGuid = {616FF1DB-DD01-46E8-A34F-B45851EEE112}
	EndGlobalSection
EndGlobal
