
Microsoft Visual Studio Solution File, Format Version 12.00
# Visual Studio Version 17
VisualStudioVersion = 17.7.33711.374
MinimumVisualStudioVersion = 10.0.40219.1
Project("{9A19103F-16F7-4668-BE54-9A1E7A4F7556}") = "Phys.Lib.Mongo", "Phys.Lib.Mongo\Phys.Lib.Mongo.csproj", "{BFAA9965-84CE-45A7-A24D-D38D4AAD0AD0}"
EndProject
Project("{2150E333-8FDC-42A3-9474-1A3956D46DE8}") = "Library", "Library", "{36DA6B64-5719-46FE-99A5-6B38F464D8BB}"
EndProject
Project("{9A19103F-16F7-4668-BE54-9A1E7A4F7556}") = "Phys.Lib.Core", "Phys.Lib.Core\Phys.Lib.Core.csproj", "{BA3EEC26-D90E-45DD-BEEB-7F44D0202444}"
EndProject
Project("{9A19103F-16F7-4668-BE54-9A1E7A4F7556}") = "Phys.Lib.Cli", "Phys.Lib.Cli\Phys.Lib.Cli.csproj", "{BE91FB56-F9F0-4F56-A9DD-B30907BF771C}"
EndProject
Project("{2150E333-8FDC-42A3-9474-1A3956D46DE8}") = "Shared", "Shared", "{C3DE8CAF-EEC0-4CAD-8C9B-9BFBE2767B49}"
EndProject
Project("{9A19103F-16F7-4668-BE54-9A1E7A4F7556}") = "Phys.Lib.Admin.Api", "Phys.Lib.Admin.Api\Phys.Lib.Admin.Api.csproj", "{A71533D2-3809-4B8D-BD54-37A0AA494613}"
EndProject
Project("{2150E333-8FDC-42A3-9474-1A3956D46DE8}") = "Tests", "Tests", "{3A760A5A-61B5-40DF-82EB-05177A752C50}"
EndProject
Project("{9A19103F-16F7-4668-BE54-9A1E7A4F7556}") = "Phys.Lib.Tests.Unit", "Phys.Lib.Tests.Unit\Phys.Lib.Tests.Unit.csproj", "{C6E433C8-6DC8-47A0-A4E7-677F493CE51D}"
EndProject
Project("{9A19103F-16F7-4668-BE54-9A1E7A4F7556}") = "Phys.Lib.Tests.Api", "Phys.Lib.Tests.Api\Phys.Lib.Tests.Api.csproj", "{EEDA4AE7-264D-47E2-A78E-ED12602B7BBF}"
EndProject
Project("{2150E333-8FDC-42A3-9474-1A3956D46DE8}") = "Clients", "Clients", "{6505BD1D-9B75-4A0D-976E-E4A386E3EB5E}"
EndProject
Project("{2150E333-8FDC-42A3-9474-1A3956D46DE8}") = "CSharp", "CSharp", "{0E0E79C9-E73A-4819-97FA-3714DA5B3AD0}"
	ProjectSection(SolutionItems) = preProject
		Clients\CSharp\AdminApiClient.cs = Clients\CSharp\AdminApiClient.cs
	EndProjectSection
EndProject
Project("{2150E333-8FDC-42A3-9474-1A3956D46DE8}") = "Solution Items", "Solution Items", "{7D815EB3-34A2-493B-ABD6-B48DF9D5D25C}"
	ProjectSection(SolutionItems) = preProject
		.editorconfig = .editorconfig
	EndProjectSection
EndProject
Project("{9A19103F-16F7-4668-BE54-9A1E7A4F7556}") = "Phys.Files", "Phys.Files\Phys.Files.csproj", "{57C3BAB3-47CB-4D3C-98E0-F2CA86ABBBAA}"
EndProject
Project("{2150E333-8FDC-42A3-9474-1A3956D46DE8}") = "Api", "Api", "{FDBFCE6B-A725-46B0-B060-8B633A16E7B8}"
EndProject
Project("{9A19103F-16F7-4668-BE54-9A1E7A4F7556}") = "Phys.Lib.Db", "Phys.Lib.Db\Phys.Lib.Db.csproj", "{9AD29E27-D2AF-4787-967B-7CB321129A76}"
EndProject
Project("{2150E333-8FDC-42A3-9474-1A3956D46DE8}") = "Db", "Db", "{15BD3D73-3DAD-4F8B-9C99-99F5C6AF9703}"
EndProject
Project("{9A19103F-16F7-4668-BE54-9A1E7A4F7556}") = "Phys.Lib.Postgres", "Phys.Lib.Postgre\Phys.Lib.Postgres.csproj", "{387E1B92-1E24-4AA4-8632-CBFCDE1C86BA}"
EndProject
Project("{9A19103F-16F7-4668-BE54-9A1E7A4F7556}") = "Phys.Lib.Tests.Db", "Phys.Lib.Tests.Db\Phys.Lib.Tests.Db.csproj", "{442E09EE-33BE-4E87-83FC-8D229CEB749C}"
EndProject
Project("{9A19103F-16F7-4668-BE54-9A1E7A4F7556}") = "Phys.Shared", "Phys.Shared\Phys.Shared.csproj", "{A33D97B4-87B3-4E8B-A6CB-8D5B585D9039}"
EndProject
Project("{9A19103F-16F7-4668-BE54-9A1E7A4F7556}") = "Phys.Mongo", "Phys.Mongo\Phys.Mongo.csproj", "{DA1FB4AD-BDA9-4225-ACFF-9749BF781B11}"
EndProject
Project("{9A19103F-16F7-4668-BE54-9A1E7A4F7556}") = "Phys.Tests.Queue", "Phys.Tests.Queue\Phys.Tests.Queue.csproj", "{06B0BC1B-0A41-443A-B7C5-F2EAD66F5CAF}"
EndProject
Project("{9A19103F-16F7-4668-BE54-9A1E7A4F7556}") = "Phys.NLog", "Phys.NLog\Phys.NLog.csproj", "{AA75F9E3-1293-4D55-92CB-E35E7780D9DB}"
EndProject
Project("{9A19103F-16F7-4668-BE54-9A1E7A4F7556}") = "Phys.Lib.App", "Phys.Lib.App\Phys.Lib.App.csproj", "{C9EE4D9C-1BF9-42C2-AA43-68ED58AC4900}"
EndProject
Project("{9A19103F-16F7-4668-BE54-9A1E7A4F7556}") = "Phys.RabbitMQ", "Phys.RabbitMQ\Phys.RabbitMQ.csproj", "{E7559A0D-E6B5-479C-ADE6-8D752463ACAF}"
EndProject
Project("{2150E333-8FDC-42A3-9474-1A3956D46DE8}") = "Tests", "Tests", "{CBC25E25-67EE-4BDD-B0D1-04B1CDA2B3BC}"
EndProject
Project("{FAE04EC0-301F-11D3-BF4B-00C04F79EFBC}") = "Phys.Lib.Autofac", "Phys.Lib.Autofac\Phys.Lib.Autofac.csproj", "{548AB080-7A57-4344-BE8B-3F80D93212C3}"
EndProject
Global
	GlobalSection(SolutionConfigurationPlatforms) = preSolution
		Debug|Any CPU = Debug|Any CPU
		Release|Any CPU = Release|Any CPU
	EndGlobalSection
	GlobalSection(ProjectConfigurationPlatforms) = postSolution
		{BFAA9965-84CE-45A7-A24D-D38D4AAD0AD0}.Debug|Any CPU.ActiveCfg = Debug|Any CPU
		{BFAA9965-84CE-45A7-A24D-D38D4AAD0AD0}.Debug|Any CPU.Build.0 = Debug|Any CPU
		{BFAA9965-84CE-45A7-A24D-D38D4AAD0AD0}.Release|Any CPU.ActiveCfg = Release|Any CPU
		{BFAA9965-84CE-45A7-A24D-D38D4AAD0AD0}.Release|Any CPU.Build.0 = Release|Any CPU
		{BA3EEC26-D90E-45DD-BEEB-7F44D0202444}.Debug|Any CPU.ActiveCfg = Debug|Any CPU
		{BA3EEC26-D90E-45DD-BEEB-7F44D0202444}.Debug|Any CPU.Build.0 = Debug|Any CPU
		{BA3EEC26-D90E-45DD-BEEB-7F44D0202444}.Release|Any CPU.ActiveCfg = Release|Any CPU
		{BA3EEC26-D90E-45DD-BEEB-7F44D0202444}.Release|Any CPU.Build.0 = Release|Any CPU
		{BE91FB56-F9F0-4F56-A9DD-B30907BF771C}.Debug|Any CPU.ActiveCfg = Debug|Any CPU
		{BE91FB56-F9F0-4F56-A9DD-B30907BF771C}.Debug|Any CPU.Build.0 = Debug|Any CPU
		{BE91FB56-F9F0-4F56-A9DD-B30907BF771C}.Release|Any CPU.ActiveCfg = Release|Any CPU
		{BE91FB56-F9F0-4F56-A9DD-B30907BF771C}.Release|Any CPU.Build.0 = Release|Any CPU
		{A71533D2-3809-4B8D-BD54-37A0AA494613}.Debug|Any CPU.ActiveCfg = Debug|Any CPU
		{A71533D2-3809-4B8D-BD54-37A0AA494613}.Debug|Any CPU.Build.0 = Debug|Any CPU
		{A71533D2-3809-4B8D-BD54-37A0AA494613}.Release|Any CPU.ActiveCfg = Release|Any CPU
		{A71533D2-3809-4B8D-BD54-37A0AA494613}.Release|Any CPU.Build.0 = Release|Any CPU
		{C6E433C8-6DC8-47A0-A4E7-677F493CE51D}.Debug|Any CPU.ActiveCfg = Debug|Any CPU
		{C6E433C8-6DC8-47A0-A4E7-677F493CE51D}.Debug|Any CPU.Build.0 = Debug|Any CPU
		{C6E433C8-6DC8-47A0-A4E7-677F493CE51D}.Release|Any CPU.ActiveCfg = Release|Any CPU
		{C6E433C8-6DC8-47A0-A4E7-677F493CE51D}.Release|Any CPU.Build.0 = Release|Any CPU
		{EEDA4AE7-264D-47E2-A78E-ED12602B7BBF}.Debug|Any CPU.ActiveCfg = Debug|Any CPU
		{EEDA4AE7-264D-47E2-A78E-ED12602B7BBF}.Debug|Any CPU.Build.0 = Debug|Any CPU
		{EEDA4AE7-264D-47E2-A78E-ED12602B7BBF}.Release|Any CPU.ActiveCfg = Release|Any CPU
		{EEDA4AE7-264D-47E2-A78E-ED12602B7BBF}.Release|Any CPU.Build.0 = Release|Any CPU
		{57C3BAB3-47CB-4D3C-98E0-F2CA86ABBBAA}.Debug|Any CPU.ActiveCfg = Debug|Any CPU
		{57C3BAB3-47CB-4D3C-98E0-F2CA86ABBBAA}.Debug|Any CPU.Build.0 = Debug|Any CPU
		{57C3BAB3-47CB-4D3C-98E0-F2CA86ABBBAA}.Release|Any CPU.ActiveCfg = Release|Any CPU
		{57C3BAB3-47CB-4D3C-98E0-F2CA86ABBBAA}.Release|Any CPU.Build.0 = Release|Any CPU
		{9AD29E27-D2AF-4787-967B-7CB321129A76}.Debug|Any CPU.ActiveCfg = Debug|Any CPU
		{9AD29E27-D2AF-4787-967B-7CB321129A76}.Debug|Any CPU.Build.0 = Debug|Any CPU
		{9AD29E27-D2AF-4787-967B-7CB321129A76}.Release|Any CPU.ActiveCfg = Release|Any CPU
		{9AD29E27-D2AF-4787-967B-7CB321129A76}.Release|Any CPU.Build.0 = Release|Any CPU
		{387E1B92-1E24-4AA4-8632-CBFCDE1C86BA}.Debug|Any CPU.ActiveCfg = Debug|Any CPU
		{387E1B92-1E24-4AA4-8632-CBFCDE1C86BA}.Debug|Any CPU.Build.0 = Debug|Any CPU
		{387E1B92-1E24-4AA4-8632-CBFCDE1C86BA}.Release|Any CPU.ActiveCfg = Release|Any CPU
		{387E1B92-1E24-4AA4-8632-CBFCDE1C86BA}.Release|Any CPU.Build.0 = Release|Any CPU
		{442E09EE-33BE-4E87-83FC-8D229CEB749C}.Debug|Any CPU.ActiveCfg = Debug|Any CPU
		{442E09EE-33BE-4E87-83FC-8D229CEB749C}.Debug|Any CPU.Build.0 = Debug|Any CPU
		{442E09EE-33BE-4E87-83FC-8D229CEB749C}.Release|Any CPU.ActiveCfg = Release|Any CPU
		{442E09EE-33BE-4E87-83FC-8D229CEB749C}.Release|Any CPU.Build.0 = Release|Any CPU
		{A33D97B4-87B3-4E8B-A6CB-8D5B585D9039}.Debug|Any CPU.ActiveCfg = Debug|Any CPU
		{A33D97B4-87B3-4E8B-A6CB-8D5B585D9039}.Debug|Any CPU.Build.0 = Debug|Any CPU
		{A33D97B4-87B3-4E8B-A6CB-8D5B585D9039}.Release|Any CPU.ActiveCfg = Release|Any CPU
		{A33D97B4-87B3-4E8B-A6CB-8D5B585D9039}.Release|Any CPU.Build.0 = Release|Any CPU
		{DA1FB4AD-BDA9-4225-ACFF-9749BF781B11}.Debug|Any CPU.ActiveCfg = Debug|Any CPU
		{DA1FB4AD-BDA9-4225-ACFF-9749BF781B11}.Debug|Any CPU.Build.0 = Debug|Any CPU
		{DA1FB4AD-BDA9-4225-ACFF-9749BF781B11}.Release|Any CPU.ActiveCfg = Release|Any CPU
		{DA1FB4AD-BDA9-4225-ACFF-9749BF781B11}.Release|Any CPU.Build.0 = Release|Any CPU
		{06B0BC1B-0A41-443A-B7C5-F2EAD66F5CAF}.Debug|Any CPU.ActiveCfg = Debug|Any CPU
		{06B0BC1B-0A41-443A-B7C5-F2EAD66F5CAF}.Debug|Any CPU.Build.0 = Debug|Any CPU
		{06B0BC1B-0A41-443A-B7C5-F2EAD66F5CAF}.Release|Any CPU.ActiveCfg = Release|Any CPU
		{06B0BC1B-0A41-443A-B7C5-F2EAD66F5CAF}.Release|Any CPU.Build.0 = Release|Any CPU
		{AA75F9E3-1293-4D55-92CB-E35E7780D9DB}.Debug|Any CPU.ActiveCfg = Debug|Any CPU
		{AA75F9E3-1293-4D55-92CB-E35E7780D9DB}.Debug|Any CPU.Build.0 = Debug|Any CPU
		{AA75F9E3-1293-4D55-92CB-E35E7780D9DB}.Release|Any CPU.ActiveCfg = Release|Any CPU
		{AA75F9E3-1293-4D55-92CB-E35E7780D9DB}.Release|Any CPU.Build.0 = Release|Any CPU
		{C9EE4D9C-1BF9-42C2-AA43-68ED58AC4900}.Debug|Any CPU.ActiveCfg = Debug|Any CPU
		{C9EE4D9C-1BF9-42C2-AA43-68ED58AC4900}.Debug|Any CPU.Build.0 = Debug|Any CPU
		{C9EE4D9C-1BF9-42C2-AA43-68ED58AC4900}.Release|Any CPU.ActiveCfg = Release|Any CPU
		{C9EE4D9C-1BF9-42C2-AA43-68ED58AC4900}.Release|Any CPU.Build.0 = Release|Any CPU
		{E7559A0D-E6B5-479C-ADE6-8D752463ACAF}.Debug|Any CPU.ActiveCfg = Debug|Any CPU
		{E7559A0D-E6B5-479C-ADE6-8D752463ACAF}.Debug|Any CPU.Build.0 = Debug|Any CPU
		{E7559A0D-E6B5-479C-ADE6-8D752463ACAF}.Release|Any CPU.ActiveCfg = Release|Any CPU
		{E7559A0D-E6B5-479C-ADE6-8D752463ACAF}.Release|Any CPU.Build.0 = Release|Any CPU
		{548AB080-7A57-4344-BE8B-3F80D93212C3}.Debug|Any CPU.ActiveCfg = Debug|Any CPU
		{548AB080-7A57-4344-BE8B-3F80D93212C3}.Debug|Any CPU.Build.0 = Debug|Any CPU
		{548AB080-7A57-4344-BE8B-3F80D93212C3}.Release|Any CPU.ActiveCfg = Release|Any CPU
		{548AB080-7A57-4344-BE8B-3F80D93212C3}.Release|Any CPU.Build.0 = Release|Any CPU
	EndGlobalSection
	GlobalSection(SolutionProperties) = preSolution
		HideSolutionNode = FALSE
	EndGlobalSection
	GlobalSection(NestedProjects) = preSolution
		{BFAA9965-84CE-45A7-A24D-D38D4AAD0AD0} = {15BD3D73-3DAD-4F8B-9C99-99F5C6AF9703}
		{BA3EEC26-D90E-45DD-BEEB-7F44D0202444} = {36DA6B64-5719-46FE-99A5-6B38F464D8BB}
		{BE91FB56-F9F0-4F56-A9DD-B30907BF771C} = {36DA6B64-5719-46FE-99A5-6B38F464D8BB}
		{A71533D2-3809-4B8D-BD54-37A0AA494613} = {FDBFCE6B-A725-46B0-B060-8B633A16E7B8}
		{3A760A5A-61B5-40DF-82EB-05177A752C50} = {36DA6B64-5719-46FE-99A5-6B38F464D8BB}
		{C6E433C8-6DC8-47A0-A4E7-677F493CE51D} = {3A760A5A-61B5-40DF-82EB-05177A752C50}
		{EEDA4AE7-264D-47E2-A78E-ED12602B7BBF} = {3A760A5A-61B5-40DF-82EB-05177A752C50}
		{6505BD1D-9B75-4A0D-976E-E4A386E3EB5E} = {C3DE8CAF-EEC0-4CAD-8C9B-9BFBE2767B49}
		{0E0E79C9-E73A-4819-97FA-3714DA5B3AD0} = {6505BD1D-9B75-4A0D-976E-E4A386E3EB5E}
		{57C3BAB3-47CB-4D3C-98E0-F2CA86ABBBAA} = {C3DE8CAF-EEC0-4CAD-8C9B-9BFBE2767B49}
		{FDBFCE6B-A725-46B0-B060-8B633A16E7B8} = {36DA6B64-5719-46FE-99A5-6B38F464D8BB}
		{9AD29E27-D2AF-4787-967B-7CB321129A76} = {36DA6B64-5719-46FE-99A5-6B38F464D8BB}
		{15BD3D73-3DAD-4F8B-9C99-99F5C6AF9703} = {36DA6B64-5719-46FE-99A5-6B38F464D8BB}
		{387E1B92-1E24-4AA4-8632-CBFCDE1C86BA} = {15BD3D73-3DAD-4F8B-9C99-99F5C6AF9703}
		{442E09EE-33BE-4E87-83FC-8D229CEB749C} = {3A760A5A-61B5-40DF-82EB-05177A752C50}
		{A33D97B4-87B3-4E8B-A6CB-8D5B585D9039} = {C3DE8CAF-EEC0-4CAD-8C9B-9BFBE2767B49}
		{DA1FB4AD-BDA9-4225-ACFF-9749BF781B11} = {C3DE8CAF-EEC0-4CAD-8C9B-9BFBE2767B49}
		{06B0BC1B-0A41-443A-B7C5-F2EAD66F5CAF} = {CBC25E25-67EE-4BDD-B0D1-04B1CDA2B3BC}
		{AA75F9E3-1293-4D55-92CB-E35E7780D9DB} = {C3DE8CAF-EEC0-4CAD-8C9B-9BFBE2767B49}
		{C9EE4D9C-1BF9-42C2-AA43-68ED58AC4900} = {36DA6B64-5719-46FE-99A5-6B38F464D8BB}
		{E7559A0D-E6B5-479C-ADE6-8D752463ACAF} = {C3DE8CAF-EEC0-4CAD-8C9B-9BFBE2767B49}
		{CBC25E25-67EE-4BDD-B0D1-04B1CDA2B3BC} = {C3DE8CAF-EEC0-4CAD-8C9B-9BFBE2767B49}
		{548AB080-7A57-4344-BE8B-3F80D93212C3} = {36DA6B64-5719-46FE-99A5-6B38F464D8BB}
	EndGlobalSection
	GlobalSection(ExtensibilityGlobals) = postSolution
		SolutionGuid = {616FF1DB-DD01-46E8-A34F-B45851EEE112}
	EndGlobalSection
EndGlobal
